// !$*UTF8*$!
{
	archiveVersion = 1;
	classes = {
	};
	objectVersion = 46;
	objects = {

/* Begin PBXBuildFile section */
		32529F791B72CCF000CF7573 /* MapRegion.swift in Sources */ = {isa = PBXBuildFile; fileRef = 32529F781B72CCF000CF7573 /* MapRegion.swift */; };
		32529F7B1B74C5C100CF7573 /* DeleteInstructionsView.swift in Sources */ = {isa = PBXBuildFile; fileRef = 32529F7A1B74C5C100CF7573 /* DeleteInstructionsView.swift */; };
		329B20EA1B702CDF00ACB972 /* AppDelegate.swift in Sources */ = {isa = PBXBuildFile; fileRef = 329B20E91B702CDF00ACB972 /* AppDelegate.swift */; };
		329B20ED1B702CDF00ACB972 /* Virtual_Tourist.xcdatamodeld in Sources */ = {isa = PBXBuildFile; fileRef = 329B20EB1B702CDF00ACB972 /* Virtual_Tourist.xcdatamodeld */; };
		329B20F21B702CDF00ACB972 /* Main.storyboard in Resources */ = {isa = PBXBuildFile; fileRef = 329B20F01B702CDF00ACB972 /* Main.storyboard */; };
		329B20F41B702CDF00ACB972 /* Images.xcassets in Resources */ = {isa = PBXBuildFile; fileRef = 329B20F31B702CDF00ACB972 /* Images.xcassets */; };
		329B20F71B702CDF00ACB972 /* LaunchScreen.xib in Resources */ = {isa = PBXBuildFile; fileRef = 329B20F51B702CDF00ACB972 /* LaunchScreen.xib */; };
		329B21031B702CDF00ACB972 /* Virtual_TouristTests.swift in Sources */ = {isa = PBXBuildFile; fileRef = 329B21021B702CDF00ACB972 /* Virtual_TouristTests.swift */; };
		329B210D1B702D7C00ACB972 /* CoreDataStackManager.swift in Sources */ = {isa = PBXBuildFile; fileRef = 329B210C1B702D7C00ACB972 /* CoreDataStackManager.swift */; };
		329B210F1B703B9A00ACB972 /* TravelLocationsMapViewController.swift in Sources */ = {isa = PBXBuildFile; fileRef = 329B210E1B703B9A00ACB972 /* TravelLocationsMapViewController.swift */; };
		329B21121B70411500ACB972 /* PhotoAlbumViewController.swift in Sources */ = {isa = PBXBuildFile; fileRef = 329B21111B70411500ACB972 /* PhotoAlbumViewController.swift */; };
		329B21151B7051C000ACB972 /* Location.swift in Sources */ = {isa = PBXBuildFile; fileRef = 329B21141B7051C000ACB972 /* Location.swift */; };
		329B21171B7051D500ACB972 /* PhotoAlbum.swift in Sources */ = {isa = PBXBuildFile; fileRef = 329B21161B7051D500ACB972 /* PhotoAlbum.swift */; };
		329B21191B7054E800ACB972 /* VirtualTouristConstants.swift in Sources */ = {isa = PBXBuildFile; fileRef = 329B21181B7054E800ACB972 /* VirtualTouristConstants.swift */; };
		32CA22AF1B77B90700754052 /* FlickrClient.swift in Sources */ = {isa = PBXBuildFile; fileRef = 32CA22AE1B77B90700754052 /* FlickrClient.swift */; };
		AD92A91AF770F3DFE0AF5D17 /* Pods_Virtual_Tourist.framework in Frameworks */ = {isa = PBXBuildFile; fileRef = F5620810F8A9EC3A802C3B10 /* Pods_Virtual_Tourist.framework */; settings = {ATTRIBUTES = (Weak, ); }; };
		D3839CBF8E71553FEAF657E4 /* Pods.framework in Frameworks */ = {isa = PBXBuildFile; fileRef = D217507F3121339D9E0EE1CD /* Pods.framework */; settings = {ATTRIBUTES = (Weak, ); }; };
/* End PBXBuildFile section */

/* Begin PBXContainerItemProxy section */
		329B20FD1B702CDF00ACB972 /* PBXContainerItemProxy */ = {
			isa = PBXContainerItemProxy;
			containerPortal = 329B20DC1B702CDF00ACB972 /* Project object */;
			proxyType = 1;
			remoteGlobalIDString = 329B20E31B702CDF00ACB972;
			remoteInfo = "Virtual Tourist";
		};
/* End PBXContainerItemProxy section */

/* Begin PBXFileReference section */
		32529F781B72CCF000CF7573 /* MapRegion.swift */ = {isa = PBXFileReference; fileEncoding = 4; lastKnownFileType = sourcecode.swift; path = MapRegion.swift; sourceTree = "<group>"; };
		32529F7A1B74C5C100CF7573 /* DeleteInstructionsView.swift */ = {isa = PBXFileReference; fileEncoding = 4; lastKnownFileType = sourcecode.swift; path = DeleteInstructionsView.swift; sourceTree = "<group>"; };
		329B20E41B702CDF00ACB972 /* Virtual Tourist.app */ = {isa = PBXFileReference; explicitFileType = wrapper.application; includeInIndex = 0; path = "Virtual Tourist.app"; sourceTree = BUILT_PRODUCTS_DIR; };
		329B20E81B702CDF00ACB972 /* Info.plist */ = {isa = PBXFileReference; lastKnownFileType = text.plist.xml; path = Info.plist; sourceTree = "<group>"; };
		329B20E91B702CDF00ACB972 /* AppDelegate.swift */ = {isa = PBXFileReference; lastKnownFileType = sourcecode.swift; path = AppDelegate.swift; sourceTree = "<group>"; };
		329B20EC1B702CDF00ACB972 /* Virtual_Tourist.xcdatamodel */ = {isa = PBXFileReference; lastKnownFileType = wrapper.xcdatamodel; path = Virtual_Tourist.xcdatamodel; sourceTree = "<group>"; };
		329B20F11B702CDF00ACB972 /* Base */ = {isa = PBXFileReference; lastKnownFileType = file.storyboard; name = Base; path = Base.lproj/Main.storyboard; sourceTree = "<group>"; };
		329B20F31B702CDF00ACB972 /* Images.xcassets */ = {isa = PBXFileReference; lastKnownFileType = folder.assetcatalog; path = Images.xcassets; sourceTree = "<group>"; };
		329B20F61B702CDF00ACB972 /* Base */ = {isa = PBXFileReference; lastKnownFileType = file.xib; name = Base; path = Base.lproj/LaunchScreen.xib; sourceTree = "<group>"; };
		329B20FC1B702CDF00ACB972 /* Virtual TouristTests.xctest */ = {isa = PBXFileReference; explicitFileType = wrapper.cfbundle; includeInIndex = 0; path = "Virtual TouristTests.xctest"; sourceTree = BUILT_PRODUCTS_DIR; };
		329B21011B702CDF00ACB972 /* Info.plist */ = {isa = PBXFileReference; lastKnownFileType = text.plist.xml; path = Info.plist; sourceTree = "<group>"; };
		329B21021B702CDF00ACB972 /* Virtual_TouristTests.swift */ = {isa = PBXFileReference; lastKnownFileType = sourcecode.swift; path = Virtual_TouristTests.swift; sourceTree = "<group>"; };
		329B210C1B702D7C00ACB972 /* CoreDataStackManager.swift */ = {isa = PBXFileReference; fileEncoding = 4; lastKnownFileType = sourcecode.swift; path = CoreDataStackManager.swift; sourceTree = "<group>"; };
		329B210E1B703B9A00ACB972 /* TravelLocationsMapViewController.swift */ = {isa = PBXFileReference; fileEncoding = 4; lastKnownFileType = sourcecode.swift; path = TravelLocationsMapViewController.swift; sourceTree = "<group>"; };
		329B21111B70411500ACB972 /* PhotoAlbumViewController.swift */ = {isa = PBXFileReference; fileEncoding = 4; lastKnownFileType = sourcecode.swift; path = PhotoAlbumViewController.swift; sourceTree = "<group>"; };
		329B21141B7051C000ACB972 /* Location.swift */ = {isa = PBXFileReference; fileEncoding = 4; lastKnownFileType = sourcecode.swift; path = Location.swift; sourceTree = "<group>"; };
		329B21161B7051D500ACB972 /* PhotoAlbum.swift */ = {isa = PBXFileReference; fileEncoding = 4; lastKnownFileType = sourcecode.swift; path = PhotoAlbum.swift; sourceTree = "<group>"; };
		329B21181B7054E800ACB972 /* VirtualTouristConstants.swift */ = {isa = PBXFileReference; fileEncoding = 4; lastKnownFileType = sourcecode.swift; path = VirtualTouristConstants.swift; sourceTree = "<group>"; };
		32CA22AE1B77B90700754052 /* FlickrClient.swift */ = {isa = PBXFileReference; fileEncoding = 4; lastKnownFileType = sourcecode.swift; path = FlickrClient.swift; sourceTree = "<group>"; };
		5EB491E8650FD41C50EBA1E5 /* Pods-Virtual Tourist.release.xcconfig */ = {isa = PBXFileReference; includeInIndex = 1; lastKnownFileType = text.xcconfig; name = "Pods-Virtual Tourist.release.xcconfig"; path = "Pods/Target Support Files/Pods-Virtual Tourist/Pods-Virtual Tourist.release.xcconfig"; sourceTree = "<group>"; };
		C156A3CAF3066D801D825815 /* Pods-Virtual Tourist.debug.xcconfig */ = {isa = PBXFileReference; includeInIndex = 1; lastKnownFileType = text.xcconfig; name = "Pods-Virtual Tourist.debug.xcconfig"; path = "Pods/Target Support Files/Pods-Virtual Tourist/Pods-Virtual Tourist.debug.xcconfig"; sourceTree = "<group>"; };
		D217507F3121339D9E0EE1CD /* Pods.framework */ = {isa = PBXFileReference; explicitFileType = wrapper.framework; includeInIndex = 0; path = Pods.framework; sourceTree = BUILT_PRODUCTS_DIR; };
		F5620810F8A9EC3A802C3B10 /* Pods_Virtual_Tourist.framework */ = {isa = PBXFileReference; explicitFileType = wrapper.framework; includeInIndex = 0; path = Pods_Virtual_Tourist.framework; sourceTree = BUILT_PRODUCTS_DIR; };
/* End PBXFileReference section */

/* Begin PBXFrameworksBuildPhase section */
		329B20E11B702CDF00ACB972 /* Frameworks */ = {
			isa = PBXFrameworksBuildPhase;
			buildActionMask = 2147483647;
			files = (
				D3839CBF8E71553FEAF657E4 /* Pods.framework in Frameworks */,
				AD92A91AF770F3DFE0AF5D17 /* Pods_Virtual_Tourist.framework in Frameworks */,
			);
			runOnlyForDeploymentPostprocessing = 0;
		};
		329B20F91B702CDF00ACB972 /* Frameworks */ = {
			isa = PBXFrameworksBuildPhase;
			buildActionMask = 2147483647;
			files = (
			);
			runOnlyForDeploymentPostprocessing = 0;
		};
/* End PBXFrameworksBuildPhase section */

/* Begin PBXGroup section */
		329B20DB1B702CDF00ACB972 = {
			isa = PBXGroup;
			children = (
				329B20E61B702CDF00ACB972 /* Virtual Tourist */,
				329B20FF1B702CDF00ACB972 /* Virtual TouristTests */,
				329B20E51B702CDF00ACB972 /* Products */,
				F768BE36C8D484AE67E559F8 /* Pods */,
				D4CB2FF060901E7205FD897A /* Frameworks */,
			);
			sourceTree = "<group>";
		};
		329B20E51B702CDF00ACB972 /* Products */ = {
			isa = PBXGroup;
			children = (
				329B20E41B702CDF00ACB972 /* Virtual Tourist.app */,
				329B20FC1B702CDF00ACB972 /* Virtual TouristTests.xctest */,
			);
			name = Products;
			sourceTree = "<group>";
		};
		329B20E61B702CDF00ACB972 /* Virtual Tourist */ = {
			isa = PBXGroup;
			children = (
				32529F7A1B74C5C100CF7573 /* DeleteInstructionsView.swift */,
				32CA22B01B77B90F00754052 /* FlickrClient */,
				329B21101B703BAE00ACB972 /* Model */,
				329B21131B70489600ACB972 /* Controllers */,
				329B20F01B702CDF00ACB972 /* Main.storyboard */,
				329B20E71B702CDF00ACB972 /* Supporting Files */,
			);
			path = "Virtual Tourist";
			sourceTree = "<group>";
		};
		329B20E71B702CDF00ACB972 /* Supporting Files */ = {
			isa = PBXGroup;
			children = (
				329B20E91B702CDF00ACB972 /* AppDelegate.swift */,
				329B20F51B702CDF00ACB972 /* LaunchScreen.xib */,
				329B20F31B702CDF00ACB972 /* Images.xcassets */,
				329B20E81B702CDF00ACB972 /* Info.plist */,
			);
			name = "Supporting Files";
			sourceTree = "<group>";
		};
		329B20FF1B702CDF00ACB972 /* Virtual TouristTests */ = {
			isa = PBXGroup;
			children = (
				329B21021B702CDF00ACB972 /* Virtual_TouristTests.swift */,
				329B21001B702CDF00ACB972 /* Supporting Files */,
			);
			path = "Virtual TouristTests";
			sourceTree = "<group>";
		};
		329B21001B702CDF00ACB972 /* Supporting Files */ = {
			isa = PBXGroup;
			children = (
				329B21011B702CDF00ACB972 /* Info.plist */,
			);
			name = "Supporting Files";
			sourceTree = "<group>";
		};
		329B21101B703BAE00ACB972 /* Model */ = {
			isa = PBXGroup;
			children = (
				329B210C1B702D7C00ACB972 /* CoreDataStackManager.swift */,
				329B20EB1B702CDF00ACB972 /* Virtual_Tourist.xcdatamodeld */,
				329B21161B7051D500ACB972 /* PhotoAlbum.swift */,
				329B21141B7051C000ACB972 /* Location.swift */,
				329B21181B7054E800ACB972 /* VirtualTouristConstants.swift */,
				32529F781B72CCF000CF7573 /* MapRegion.swift */,
			);
			name = Model;
			sourceTree = "<group>";
		};
		329B21131B70489600ACB972 /* Controllers */ = {
			isa = PBXGroup;
			children = (
				329B210E1B703B9A00ACB972 /* TravelLocationsMapViewController.swift */,
				329B21111B70411500ACB972 /* PhotoAlbumViewController.swift */,
			);
			name = Controllers;
			sourceTree = "<group>";
		};
		32CA22B01B77B90F00754052 /* FlickrClient */ = {
			isa = PBXGroup;
			children = (
				32CA22AE1B77B90700754052 /* FlickrClient.swift */,
			);
			name = FlickrClient;
			sourceTree = "<group>";
		};
		D4CB2FF060901E7205FD897A /* Frameworks */ = {
			isa = PBXGroup;
			children = (
				D217507F3121339D9E0EE1CD /* Pods.framework */,
				F5620810F8A9EC3A802C3B10 /* Pods_Virtual_Tourist.framework */,
			);
			name = Frameworks;
			sourceTree = "<group>";
		};
		F768BE36C8D484AE67E559F8 /* Pods */ = {
			isa = PBXGroup;
			children = (
				C156A3CAF3066D801D825815 /* Pods-Virtual Tourist.debug.xcconfig */,
				5EB491E8650FD41C50EBA1E5 /* Pods-Virtual Tourist.release.xcconfig */,
			);
			name = Pods;
			sourceTree = "<group>";
		};
/* End PBXGroup section */

/* Begin PBXNativeTarget section */
		329B20E31B702CDF00ACB972 /* Virtual Tourist */ = {
			isa = PBXNativeTarget;
			buildConfigurationList = 329B21061B702CDF00ACB972 /* Build configuration list for PBXNativeTarget "Virtual Tourist" */;
			buildPhases = (
				FF09B93E7EC6F1D00E01FEAA /* Check Pods Manifest.lock */,
				329B20E01B702CDF00ACB972 /* Sources */,
				329B20E11B702CDF00ACB972 /* Frameworks */,
				329B20E21B702CDF00ACB972 /* Resources */,
				CCBDFA1973FA301EB44189EB /* Embed Pods Frameworks */,
				B19F81CE67EDA20E9660017F /* Copy Pods Resources */,
			);
			buildRules = (
			);
			dependencies = (
			);
			name = "Virtual Tourist";
			productName = "Virtual Tourist";
			productReference = 329B20E41B702CDF00ACB972 /* Virtual Tourist.app */;
			productType = "com.apple.product-type.application";
		};
		329B20FB1B702CDF00ACB972 /* Virtual TouristTests */ = {
			isa = PBXNativeTarget;
			buildConfigurationList = 329B21091B702CDF00ACB972 /* Build configuration list for PBXNativeTarget "Virtual TouristTests" */;
			buildPhases = (
				329B20F81B702CDF00ACB972 /* Sources */,
				329B20F91B702CDF00ACB972 /* Frameworks */,
				329B20FA1B702CDF00ACB972 /* Resources */,
			);
			buildRules = (
			);
			dependencies = (
				329B20FE1B702CDF00ACB972 /* PBXTargetDependency */,
			);
			name = "Virtual TouristTests";
			productName = "Virtual TouristTests";
			productReference = 329B20FC1B702CDF00ACB972 /* Virtual TouristTests.xctest */;
			productType = "com.apple.product-type.bundle.unit-test";
		};
/* End PBXNativeTarget section */

/* Begin PBXProject section */
		329B20DC1B702CDF00ACB972 /* Project object */ = {
			isa = PBXProject;
			attributes = {
				LastUpgradeCheck = 0640;
				ORGANIZATIONNAME = "Crest Technologies";
				TargetAttributes = {
					329B20E31B702CDF00ACB972 = {
						CreatedOnToolsVersion = 6.4;
					};
					329B20FB1B702CDF00ACB972 = {
						CreatedOnToolsVersion = 6.4;
						TestTargetID = 329B20E31B702CDF00ACB972;
					};
				};
			};
			buildConfigurationList = 329B20DF1B702CDF00ACB972 /* Build configuration list for PBXProject "Virtual Tourist" */;
			compatibilityVersion = "Xcode 3.2";
			developmentRegion = English;
			hasScannedForEncodings = 0;
			knownRegions = (
				en,
				Base,
			);
			mainGroup = 329B20DB1B702CDF00ACB972;
			productRefGroup = 329B20E51B702CDF00ACB972 /* Products */;
			projectDirPath = "";
			projectRoot = "";
			targets = (
				329B20E31B702CDF00ACB972 /* Virtual Tourist */,
				329B20FB1B702CDF00ACB972 /* Virtual TouristTests */,
			);
		};
/* End PBXProject section */

/* Begin PBXResourcesBuildPhase section */
		329B20E21B702CDF00ACB972 /* Resources */ = {
			isa = PBXResourcesBuildPhase;
			buildActionMask = 2147483647;
			files = (
				329B20F21B702CDF00ACB972 /* Main.storyboard in Resources */,
				329B20F71B702CDF00ACB972 /* LaunchScreen.xib in Resources */,
				329B20F41B702CDF00ACB972 /* Images.xcassets in Resources */,
			);
			runOnlyForDeploymentPostprocessing = 0;
		};
		329B20FA1B702CDF00ACB972 /* Resources */ = {
			isa = PBXResourcesBuildPhase;
			buildActionMask = 2147483647;
			files = (
			);
			runOnlyForDeploymentPostprocessing = 0;
		};
/* End PBXResourcesBuildPhase section */

/* Begin PBXShellScriptBuildPhase section */
		B19F81CE67EDA20E9660017F /* Copy Pods Resources */ = {
			isa = PBXShellScriptBuildPhase;
			buildActionMask = 2147483647;
			files = (
			);
			inputPaths = (
			);
			name = "Copy Pods Resources";
			outputPaths = (
			);
			runOnlyForDeploymentPostprocessing = 0;
			shellPath = /bin/sh;
			shellScript = "\"${SRCROOT}/Pods/Target Support Files/Pods-Virtual Tourist/Pods-Virtual Tourist-resources.sh\"\n";
			showEnvVarsInLog = 0;
		};
		CCBDFA1973FA301EB44189EB /* Embed Pods Frameworks */ = {
			isa = PBXShellScriptBuildPhase;
			buildActionMask = 2147483647;
			files = (
			);
			inputPaths = (
			);
			name = "Embed Pods Frameworks";
			outputPaths = (
			);
			runOnlyForDeploymentPostprocessing = 0;
			shellPath = /bin/sh;
			shellScript = "\"${SRCROOT}/Pods/Target Support Files/Pods-Virtual Tourist/Pods-Virtual Tourist-frameworks.sh\"\n";
			showEnvVarsInLog = 0;
		};
		FF09B93E7EC6F1D00E01FEAA /* Check Pods Manifest.lock */ = {
			isa = PBXShellScriptBuildPhase;
			buildActionMask = 2147483647;
			files = (
			);
			inputPaths = (
			);
			name = "Check Pods Manifest.lock";
			outputPaths = (
			);
			runOnlyForDeploymentPostprocessing = 0;
			shellPath = /bin/sh;
			shellScript = "diff \"${PODS_ROOT}/../Podfile.lock\" \"${PODS_ROOT}/Manifest.lock\" > /dev/null\nif [[ $? != 0 ]] ; then\n    cat << EOM\nerror: The sandbox is not in sync with the Podfile.lock. Run 'pod install' or update your CocoaPods installation.\nEOM\n    exit 1\nfi\n";
			showEnvVarsInLog = 0;
		};
/* End PBXShellScriptBuildPhase section */

/* Begin PBXSourcesBuildPhase section */
		329B20E01B702CDF00ACB972 /* Sources */ = {
			isa = PBXSourcesBuildPhase;
			buildActionMask = 2147483647;
			files = (
				329B210F1B703B9A00ACB972 /* TravelLocationsMapViewController.swift in Sources */,
				32529F791B72CCF000CF7573 /* MapRegion.swift in Sources */,
				32529F7B1B74C5C100CF7573 /* DeleteInstructionsView.swift in Sources */,
				329B210D1B702D7C00ACB972 /* CoreDataStackManager.swift in Sources */,
				329B20ED1B702CDF00ACB972 /* Virtual_Tourist.xcdatamodeld in Sources */,
				329B21171B7051D500ACB972 /* PhotoAlbum.swift in Sources */,
				329B21121B70411500ACB972 /* PhotoAlbumViewController.swift in Sources */,
				329B21151B7051C000ACB972 /* Location.swift in Sources */,
				32CA22AF1B77B90700754052 /* FlickrClient.swift in Sources */,
				329B21191B7054E800ACB972 /* VirtualTouristConstants.swift in Sources */,
				329B20EA1B702CDF00ACB972 /* AppDelegate.swift in Sources */,
			);
			runOnlyForDeploymentPostprocessing = 0;
		};
		329B20F81B702CDF00ACB972 /* Sources */ = {
			isa = PBXSourcesBuildPhase;
			buildActionMask = 2147483647;
			files = (
				329B21031B702CDF00ACB972 /* Virtual_TouristTests.swift in Sources */,
			);
			runOnlyForDeploymentPostprocessing = 0;
		};
/* End PBXSourcesBuildPhase section */

/* Begin PBXTargetDependency section */
		329B20FE1B702CDF00ACB972 /* PBXTargetDependency */ = {
			isa = PBXTargetDependency;
			target = 329B20E31B702CDF00ACB972 /* Virtual Tourist */;
			targetProxy = 329B20FD1B702CDF00ACB972 /* PBXContainerItemProxy */;
		};
/* End PBXTargetDependency section */

/* Begin PBXVariantGroup section */
		329B20F01B702CDF00ACB972 /* Main.storyboard */ = {
			isa = PBXVariantGroup;
			children = (
				329B20F11B702CDF00ACB972 /* Base */,
			);
			name = Main.storyboard;
			sourceTree = "<group>";
		};
		329B20F51B702CDF00ACB972 /* LaunchScreen.xib */ = {
			isa = PBXVariantGroup;
			children = (
				329B20F61B702CDF00ACB972 /* Base */,
			);
			name = LaunchScreen.xib;
			sourceTree = "<group>";
		};
/* End PBXVariantGroup section */

/* Begin XCBuildConfiguration section */
		329B21041B702CDF00ACB972 /* Debug */ = {
			isa = XCBuildConfiguration;
			baseConfigurationReference = C156A3CAF3066D801D825815 /* Pods-Virtual Tourist.debug.xcconfig */;
			buildSettings = {
				ALWAYS_SEARCH_USER_PATHS = NO;
				CLANG_CXX_LANGUAGE_STANDARD = "gnu++0x";
				CLANG_CXX_LIBRARY = "libc++";
				CLANG_ENABLE_MODULES = YES;
				CLANG_ENABLE_OBJC_ARC = YES;
				CLANG_WARN_BOOL_CONVERSION = YES;
				CLANG_WARN_CONSTANT_CONVERSION = YES;
				CLANG_WARN_DIRECT_OBJC_ISA_USAGE = YES_ERROR;
				CLANG_WARN_EMPTY_BODY = YES;
				CLANG_WARN_ENUM_CONVERSION = YES;
				CLANG_WARN_INT_CONVERSION = YES;
				CLANG_WARN_OBJC_ROOT_CLASS = YES_ERROR;
				CLANG_WARN_UNREACHABLE_CODE = YES;
				CLANG_WARN__DUPLICATE_METHOD_MATCH = YES;
				"CODE_SIGN_IDENTITY[sdk=iphoneos*]" = "iPhone Developer";
				COPY_PHASE_STRIP = NO;
				DEBUG_INFORMATION_FORMAT = "dwarf-with-dsym";
				ENABLE_STRICT_OBJC_MSGSEND = YES;
				GCC_C_LANGUAGE_STANDARD = gnu99;
				GCC_DYNAMIC_NO_PIC = NO;
				GCC_NO_COMMON_BLOCKS = YES;
				GCC_OPTIMIZATION_LEVEL = 0;
				GCC_PREPROCESSOR_DEFINITIONS = (
					"DEBUG=1",
					"$(inherited)",
				);
				GCC_SYMBOLS_PRIVATE_EXTERN = NO;
				GCC_WARN_64_TO_32_BIT_CONVERSION = YES;
				GCC_WARN_ABOUT_RETURN_TYPE = YES_ERROR;
				GCC_WARN_UNDECLARED_SELECTOR = YES;
				GCC_WARN_UNINITIALIZED_AUTOS = YES_AGGRESSIVE;
				GCC_WARN_UNUSED_FUNCTION = YES;
				GCC_WARN_UNUSED_VARIABLE = YES;
				IPHONEOS_DEPLOYMENT_TARGET = 8.4;
				MTL_ENABLE_DEBUG_INFO = YES;
				ONLY_ACTIVE_ARCH = YES;
				SDKROOT = iphoneos;
				SWIFT_OPTIMIZATION_LEVEL = "-Onone";
			};
			name = Debug;
		};
		329B21051B702CDF00ACB972 /* Release */ = {
			isa = XCBuildConfiguration;
			buildSettings = {
				ALWAYS_SEARCH_USER_PATHS = NO;
				CLANG_CXX_LANGUAGE_STANDARD = "gnu++0x";
				CLANG_CXX_LIBRARY = "libc++";
				CLANG_ENABLE_MODULES = YES;
				CLANG_ENABLE_OBJC_ARC = YES;
				CLANG_WARN_BOOL_CONVERSION = YES;
				CLANG_WARN_CONSTANT_CONVERSION = YES;
				CLANG_WARN_DIRECT_OBJC_ISA_USAGE = YES_ERROR;
				CLANG_WARN_EMPTY_BODY = YES;
				CLANG_WARN_ENUM_CONVERSION = YES;
				CLANG_WARN_INT_CONVERSION = YES;
				CLANG_WARN_OBJC_ROOT_CLASS = YES_ERROR;
				CLANG_WARN_UNREACHABLE_CODE = YES;
				CLANG_WARN__DUPLICATE_METHOD_MATCH = YES;
				"CODE_SIGN_IDENTITY[sdk=iphoneos*]" = "iPhone Developer";
				COPY_PHASE_STRIP = NO;
				DEBUG_INFORMATION_FORMAT = "dwarf-with-dsym";
				ENABLE_NS_ASSERTIONS = NO;
				ENABLE_STRICT_OBJC_MSGSEND = YES;
				GCC_C_LANGUAGE_STANDARD = gnu99;
				GCC_NO_COMMON_BLOCKS = YES;
				GCC_WARN_64_TO_32_BIT_CONVERSION = YES;
				GCC_WARN_ABOUT_RETURN_TYPE = YES_ERROR;
				GCC_WARN_UNDECLARED_SELECTOR = YES;
				GCC_WARN_UNINITIALIZED_AUTOS = YES_AGGRESSIVE;
				GCC_WARN_UNUSED_FUNCTION = YES;
				GCC_WARN_UNUSED_VARIABLE = YES;
				IPHONEOS_DEPLOYMENT_TARGET = 8.4;
				MTL_ENABLE_DEBUG_INFO = NO;
				SDKROOT = iphoneos;
				VALIDATE_PRODUCT = YES;
			};
			name = Release;
		};
		329B21071B702CDF00ACB972 /* Debug */ = {
			isa = XCBuildConfiguration;
			baseConfigurationReference = C156A3CAF3066D801D825815 /* Pods-Virtual Tourist.debug.xcconfig */;
			buildSettings = {
				ASSETCATALOG_COMPILER_APPICON_NAME = AppIcon;
				INFOPLIST_FILE = "Virtual Tourist/Info.plist";
				LD_RUNPATH_SEARCH_PATHS = "$(inherited) @executable_path/Frameworks";
				PRODUCT_NAME = "$(TARGET_NAME)";
			};
			name = Debug;
		};
		329B21081B702CDF00ACB972 /* Release */ = {
			isa = XCBuildConfiguration;
			baseConfigurationReference = 5EB491E8650FD41C50EBA1E5 /* Pods-Virtual Tourist.release.xcconfig */;
			buildSettings = {
				ASSETCATALOG_COMPILER_APPICON_NAME = AppIcon;
				INFOPLIST_FILE = "Virtual Tourist/Info.plist";
				LD_RUNPATH_SEARCH_PATHS = "$(inherited) @executable_path/Frameworks";
				PRODUCT_NAME = "$(TARGET_NAME)";
			};
			name = Release;
		};
		329B210A1B702CDF00ACB972 /* Debug */ = {
			isa = XCBuildConfiguration;
			baseConfigurationReference = C156A3CAF3066D801D825815 /* Pods-Virtual Tourist.debug.xcconfig */;
			buildSettings = {
				BUNDLE_LOADER = "$(TEST_HOST)";
				FRAMEWORK_SEARCH_PATHS = (
					"$(SDKROOT)/Developer/Library/Frameworks",
					"$(inherited)",
				);
				GCC_PREPROCESSOR_DEFINITIONS = (
					"DEBUG=1",
					"$(inherited)",
				);
				INFOPLIST_FILE = "Virtual TouristTests/Info.plist";
				LD_RUNPATH_SEARCH_PATHS = "$(inherited) @executable_path/Frameworks @loader_path/Frameworks";
				PRODUCT_NAME = "$(TARGET_NAME)";
				TEST_HOST = "$(BUILT_PRODUCTS_DIR)/Virtual Tourist.app/Virtual Tourist";
			};
			name = Debug;
		};
		329B210B1B702CDF00ACB972 /* Release */ = {
			isa = XCBuildConfiguration;
			baseConfigurationReference = C156A3CAF3066D801D825815 /* Pods-Virtual Tourist.debug.xcconfig */;
			buildSettings = {
				BUNDLE_LOADER = "$(TEST_HOST)";
				FRAMEWORK_SEARCH_PATHS = (
					"$(SDKROOT)/Developer/Library/Frameworks",
					"$(inherited)",
				);
				INFOPLIST_FILE = "Virtual TouristTests/Info.plist";
				LD_RUNPATH_SEARCH_PATHS = "$(inherited) @executable_path/Frameworks @loader_path/Frameworks";
				PRODUCT_NAME = "$(TARGET_NAME)";
				TEST_HOST = "$(BUILT_PRODUCTS_DIR)/Virtual Tourist.app/Virtual Tourist";
			};
			name = Release;
		};
/* End XCBuildConfiguration section */

/* Begin XCConfigurationList section */
		329B20DF1B702CDF00ACB972 /* Build configuration list for PBXProject "Virtual Tourist" */ = {
			isa = XCConfigurationList;
			buildConfigurations = (
				329B21041B702CDF00ACB972 /* Debug */,
				329B21051B702CDF00ACB972 /* Release */,
			);
			defaultConfigurationIsVisible = 0;
			defaultConfigurationName = Release;
		};
		329B21061B702CDF00ACB972 /* Build configuration list for PBXNativeTarget "Virtual Tourist" */ = {
			isa = XCConfigurationList;
			buildConfigurations = (
				329B21071B702CDF00ACB972 /* Debug */,
				329B21081B702CDF00ACB972 /* Release */,
			);
			defaultConfigurationIsVisible = 0;
			defaultConfigurationName = Release;
		};
		329B21091B702CDF00ACB972 /* Build configuration list for PBXNativeTarget "Virtual TouristTests" */ = {
			isa = XCConfigurationList;
			buildConfigurations = (
				329B210A1B702CDF00ACB972 /* Debug */,
				329B210B1B702CDF00ACB972 /* Release */,
			);
			defaultConfigurationIsVisible = 0;
			defaultConfigurationName = Release;
		};
/* End XCConfigurationList section */

/* Begin XCVersionGroup section */
		329B20EB1B702CDF00ACB972 /* Virtual_Tourist.xcdatamodeld */ = {
			isa = XCVersionGroup;
			children = (
				329B20EC1B702CDF00ACB972 /* Virtual_Tourist.xcdatamodel */,
			);
			currentVersion = 329B20EC1B702CDF00ACB972 /* Virtual_Tourist.xcdatamodel */;
			path = Virtual_Tourist.xcdatamodeld;
			sourceTree = "<group>";
			versionGroupType = wrapper.xcdatamodel;
		};
/* End XCVersionGroup section */
	};
	rootObject = 329B20DC1B702CDF00ACB972 /* Project object */;
}
